
Microsoft Visual Studio Solution File, Format Version 12.00
# Visual Studio Version 17
VisualStudioVersion = 17.14.36811.4
MinimumVisualStudioVersion = 10.0.40219.1
Project("{FAE04EC0-301F-11D3-BF4B-00C04F79EFBC}") = "Multidim array", "School -Student CSharp 2026\Multidim array.csproj", "{78981587-DC13-4876-840E-3CD17B8274B3}"
EndProject
Project("{FAE04EC0-301F-11D3-BF4B-00C04F79EFBC}") = "Tuples", "Tuples\Tuples.csproj", "{C0D3F918-D148-4D8B-B4F4-DACDCEB85556}"
EndProject
Project("{FAE04EC0-301F-11D3-BF4B-00C04F79EFBC}") = "Jagged arrays", "Jagged arrays\Jagged arrays.csproj", "{6E10B00C-7C7C-4B28-9E7F-D98D0936A450}"
EndProject
Project("{FAE04EC0-301F-11D3-BF4B-00C04F79EFBC}") = "use class Array", "use class Array\use class Array.csproj", "{3F35D39F-A46A-41B3-8C96-0FDD852A4C10}"
EndProject
Project("{FAE04EC0-301F-11D3-BF4B-00C04F79EFBC}") = "String demo", "String demo\String demo.csproj", "{88C07261-141E-4563-8475-A0BE99024CB6}"
EndProject
Project("{FAE04EC0-301F-11D3-BF4B-00C04F79EFBC}") = "StringBuilder demo", "StringBuilder demo\StringBuilder demo.csproj", "{2E7ECEAE-6D5C-44D7-BBC5-4370AF87FE7F}"
EndProject
Project("{2150E333-8FDC-42A3-9474-1A3956D46DE8}") = "01-Intro", "01-Intro", "{02EA681E-C7D8-13C7-8484-4AC65E1B71E8}"
EndProject
Project("{2150E333-8FDC-42A3-9474-1A3956D46DE8}") = "02-Classes intro", "02-Classes intro", "{A0C8C7F7-30AB-4BA6-B5A7-B051B2973319}"
EndProject
Project("{FAE04EC0-301F-11D3-BF4B-00C04F79EFBC}") = "Class Ctors Props", "Class Ctors Props\Class Ctors Props.csproj", "{9400FB91-BAF4-4B6A-AE5E-1D5DFEF2721D}"
EndProject
Project("{FAE04EC0-301F-11D3-BF4B-00C04F79EFBC}") = "Except with when", "Except with when\Except with when.csproj", "{6178E3EE-81FC-49B9-8E02-413316587C75}"
EndProject
Project("{FAE04EC0-301F-11D3-BF4B-00C04F79EFBC}") = "Exception intro", "Exception intro\Exception intro.csproj", "{C23E4A43-A0E5-444E-956E-945071EC373F}"
EndProject
Global
	GlobalSection(SolutionConfigurationPlatforms) = preSolution
		Debug|Any CPU = Debug|Any CPU
		Release|Any CPU = Release|Any CPU
	EndGlobalSection
	GlobalSection(ProjectConfigurationPlatforms) = postSolution
		{78981587-DC13-4876-840E-3CD17B8274B3}.Debug|Any CPU.ActiveCfg = Debug|Any CPU
		{78981587-DC13-4876-840E-3CD17B8274B3}.Debug|Any CPU.Build.0 = Debug|Any CPU
		{78981587-DC13-4876-840E-3CD17B8274B3}.Release|Any CPU.ActiveCfg = Release|Any CPU
		{78981587-DC13-4876-840E-3CD17B8274B3}.Release|Any CPU.Build.0 = Release|Any CPU
		{C0D3F918-D148-4D8B-B4F4-DACDCEB85556}.Debug|Any CPU.ActiveCfg = Debug|Any CPU
		{C0D3F918-D148-4D8B-B4F4-DACDCEB85556}.Debug|Any CPU.Build.0 = Debug|Any CPU
		{C0D3F918-D148-4D8B-B4F4-DACDCEB85556}.Release|Any CPU.ActiveCfg = Release|Any CPU
		{C0D3F918-D148-4D8B-B4F4-DACDCEB85556}.Release|Any CPU.Build.0 = Release|Any CPU
		{6E10B00C-7C7C-4B28-9E7F-D98D0936A450}.Debug|Any CPU.ActiveCfg = Debug|Any CPU
		{6E10B00C-7C7C-4B28-9E7F-D98D0936A450}.Debug|Any CPU.Build.0 = Debug|Any CPU
		{6E10B00C-7C7C-4B28-9E7F-D98D0936A450}.Release|Any CPU.ActiveCfg = Release|Any CPU
		{6E10B00C-7C7C-4B28-9E7F-D98D0936A450}.Release|Any CPU.Build.0 = Release|Any CPU
		{3F35D39F-A46A-41B3-8C96-0FDD852A4C10}.Debug|Any CPU.ActiveCfg = Debug|Any CPU
		{3F35D39F-A46A-41B3-8C96-0FDD852A4C10}.Debug|Any CPU.Build.0 = Debug|Any CPU
		{3F35D39F-A46A-41B3-8C96-0FDD852A4C10}.Release|Any CPU.ActiveCfg = Release|Any CPU
		{3F35D39F-A46A-41B3-8C96-0FDD852A4C10}.Release|Any CPU.Build.0 = Release|Any CPU
		{88C07261-141E-4563-8475-A0BE99024CB6}.Debug|Any CPU.ActiveCfg = Debug|Any CPU
		{88C07261-141E-4563-8475-A0BE99024CB6}.Debug|Any CPU.Build.0 = Debug|Any CPU
		{88C07261-141E-4563-8475-A0BE99024CB6}.Release|Any CPU.ActiveCfg = Release|Any CPU
		{88C07261-141E-4563-8475-A0BE99024CB6}.Release|Any CPU.Build.0 = Release|Any CPU
		{2E7ECEAE-6D5C-44D7-BBC5-4370AF87FE7F}.Debug|Any CPU.ActiveCfg = Debug|Any CPU
		{2E7ECEAE-6D5C-44D7-BBC5-4370AF87FE7F}.Debug|Any CPU.Build.0 = Debug|Any CPU
		{2E7ECEAE-6D5C-44D7-BBC5-4370AF87FE7F}.Release|Any CPU.ActiveCfg = Release|Any CPU
		{2E7ECEAE-6D5C-44D7-BBC5-4370AF87FE7F}.Release|Any CPU.Build.0 = Release|Any CPU
		{9400FB91-BAF4-4B6A-AE5E-1D5DFEF2721D}.Debug|Any CPU.ActiveCfg = Debug|Any CPU
		{9400FB91-BAF4-4B6A-AE5E-1D5DFEF2721D}.Debug|Any CPU.Build.0 = Debug|Any CPU
		{9400FB91-BAF4-4B6A-AE5E-1D5DFEF2721D}.Release|Any CPU.ActiveCfg = Release|Any CPU
		{9400FB91-BAF4-4B6A-AE5E-1D5DFEF2721D}.Release|Any CPU.Build.0 = Release|Any CPU
		{6178E3EE-81FC-49B9-8E02-413316587C75}.Debug|Any CPU.ActiveCfg = Debug|Any CPU
		{6178E3EE-81FC-49B9-8E02-413316587C75}.Debug|Any CPU.Build.0 = Debug|Any CPU
		{6178E3EE-81FC-49B9-8E02-413316587C75}.Release|Any CPU.ActiveCfg = Release|Any CPU
		{6178E3EE-81FC-49B9-8E02-413316587C75}.Release|Any CPU.Build.0 = Release|Any CPU
		{C23E4A43-A0E5-444E-956E-945071EC373F}.Debug|Any CPU.ActiveCfg = Debug|Any CPU
		{C23E4A43-A0E5-444E-956E-945071EC373F}.Debug|Any CPU.Build.0 = Debug|Any CPU
		{C23E4A43-A0E5-444E-956E-945071EC373F}.Release|Any CPU.ActiveCfg = Release|Any CPU
		{C23E4A43-A0E5-444E-956E-945071EC373F}.Release|Any CPU.Build.0 = Release|Any CPU
	EndGlobalSection
	GlobalSection(SolutionProperties) = preSolution
		HideSolutionNode = FALSE
	EndGlobalSection
	GlobalSection(NestedProjects) = preSolution
		{78981587-DC13-4876-840E-3CD17B8274B3} = {02EA681E-C7D8-13C7-8484-4AC65E1B71E8}
		{C0D3F918-D148-4D8B-B4F4-DACDCEB85556} = {02EA681E-C7D8-13C7-8484-4AC65E1B71E8}
		{6E10B00C-7C7C-4B28-9E7F-D98D0936A450} = {02EA681E-C7D8-13C7-8484-4AC65E1B71E8}
		{3F35D39F-A46A-41B3-8C96-0FDD852A4C10} = {02EA681E-C7D8-13C7-8484-4AC65E1B71E8}
		{88C07261-141E-4563-8475-A0BE99024CB6} = {02EA681E-C7D8-13C7-8484-4AC65E1B71E8}
		{2E7ECEAE-6D5C-44D7-BBC5-4370AF87FE7F} = {02EA681E-C7D8-13C7-8484-4AC65E1B71E8}
		{9400FB91-BAF4-4B6A-AE5E-1D5DFEF2721D} = {A0C8C7F7-30AB-4BA6-B5A7-B051B2973319}
	EndGlobalSection
	GlobalSection(ExtensibilityGlobals) = postSolution
		SolutionGuid = {1435751D-E8AB-4A42-AB36-FFB149A03197}
	EndGlobalSection
EndGlobal
