
Microsoft Visual Studio Solution File, Format Version 12.00
# Visual Studio Version 17
VisualStudioVersion = 17.14.36811.4
MinimumVisualStudioVersion = 10.0.40219.1
Project("{FAE04EC0-301F-11D3-BF4B-00C04F79EFBC}") = "Multidim array", "School -Student CSharp 2026\Multidim array.csproj", "{78981587-DC13-4876-840E-3CD17B8274B3}"
EndProject
Project("{FAE04EC0-301F-11D3-BF4B-00C04F79EFBC}") = "Tuples", "Tuples\Tuples.csproj", "{C0D3F918-D148-4D8B-B4F4-DACDCEB85556}"
EndProject
Project("{FAE04EC0-301F-11D3-BF4B-00C04F79EFBC}") = "Jagged arrays", "Jagged arrays\Jagged arrays.csproj", "{6E10B00C-7C7C-4B28-9E7F-D98D0936A450}"
EndProject
Project("{FAE04EC0-301F-11D3-BF4B-00C04F79EFBC}") = "use class Array", "use class Array\use class Array.csproj", "{3F35D39F-A46A-41B3-8C96-0FDD852A4C10}"
EndProject
Project("{FAE04EC0-301F-11D3-BF4B-00C04F79EFBC}") = "String demo", "String demo\String demo.csproj", "{88C07261-141E-4563-8475-A0BE99024CB6}"
EndProject
Project("{FAE04EC0-301F-11D3-BF4B-00C04F79EFBC}") = "StringBuilder demo", "StringBuilder demo\StringBuilder demo.csproj", "{2E7ECEAE-6D5C-44D7-BBC5-4370AF87FE7F}"
EndProject
Project("{2150E333-8FDC-42A3-9474-1A3956D46DE8}") = "01-Intro", "01-Intro", "{02EA681E-C7D8-13C7-8484-4AC65E1B71E8}"
EndProject
Project("{2150E333-8FDC-42A3-9474-1A3956D46DE8}") = "02-Classes intro", "02-Classes intro", "{A0C8C7F7-30AB-4BA6-B5A7-B051B2973319}"
EndProject
Project("{FAE04EC0-301F-11D3-BF4B-00C04F79EFBC}") = "Class Ctors Props", "Class Ctors Props\Class Ctors Props.csproj", "{9400FB91-BAF4-4B6A-AE5E-1D5DFEF2721D}"
EndProject
Project("{FAE04EC0-301F-11D3-BF4B-00C04F79EFBC}") = "Except with when", "Except with when\Except with when.csproj", "{6178E3EE-81FC-49B9-8E02-413316587C75}"
EndProject
Project("{FAE04EC0-301F-11D3-BF4B-00C04F79EFBC}") = "Exception intro", "Exception intro\Exception intro.csproj", "{C23E4A43-A0E5-444E-956E-945071EC373F}"
EndProject
Project("{FAE04EC0-301F-11D3-BF4B-00C04F79EFBC}") = "checked-unchecked", "checked-unchecked\checked-unchecked.csproj", "{7A35CB01-D5D1-4194-8E61-1CCA49FF3173}"
EndProject
Project("{FAE04EC0-301F-11D3-BF4B-00C04F79EFBC}") = "Static demo", "Static demo\Static demo.csproj", "{3DF42F64-9823-4B9A-9AAE-6E59477636F3}"
EndProject
Project("{2150E333-8FDC-42A3-9474-1A3956D46DE8}") = "03-Exceptions", "03-Exceptions", "{39052441-DA54-453F-A957-820B0D927F70}"
EndProject
Project("{FAE04EC0-301F-11D3-BF4B-00C04F79EFBC}") = "Nested try", "Nested try\Nested try.csproj", "{36A1586E-A9DD-4C49-8D28-5501EF05BB71}"
EndProject
Project("{FAE04EC0-301F-11D3-BF4B-00C04F79EFBC}") = "Namespace demo", "Namespace demo\Namespace demo.csproj", "{C9EACACC-A51F-426E-B8F5-978D90A47003}"
EndProject
Project("{FAE04EC0-301F-11D3-BF4B-00C04F79EFBC}") = "Cascade ctors", "Cascade ctors\Cascade ctors.csproj", "{A7C9CE7E-F4AE-4124-9634-EAD049D70D00}"
EndProject
Project("{2150E333-8FDC-42A3-9474-1A3956D46DE8}") = "04-Namespace Enum Struct", "04-Namespace Enum Struct", "{43EB8A9A-1B43-4FE4-AD85-DF499A0258DE}"
EndProject
Project("{FAE04EC0-301F-11D3-BF4B-00C04F79EFBC}") = "Enums demo", "Enums demo\Enums demo.csproj", "{2B55DED8-847A-4F8C-BAF3-9A4D3ADA43D8}"
EndProject
Project("{FAE04EC0-301F-11D3-BF4B-00C04F79EFBC}") = "structs demo", "structs demo\structs demo.csproj", "{C1C85997-6D7D-4CA5-BB84-899CBC722C32}"
EndProject
Project("{FAE04EC0-301F-11D3-BF4B-00C04F79EFBC}") = "Null operations", "Null operations\Null operations.csproj", "{822CD0C3-E684-47FF-B778-070F9B2DF3EB}"
EndProject
Project("{FAE04EC0-301F-11D3-BF4B-00C04F79EFBC}") = "Nullable types", "Nullable types\Nullable types.csproj", "{B27931ED-AFB5-49F5-8371-6DEA83FEAD1F}"
EndProject
Project("{FAE04EC0-301F-11D3-BF4B-00C04F79EFBC}") = "Object boxing unboxing", "Object boxing unboxing\Object boxing unboxing.csproj", "{F8BBB79B-1186-410F-9A60-0D7589BB186C}"
EndProject
Project("{FAE04EC0-301F-11D3-BF4B-00C04F79EFBC}") = "static class demo", "static class demo\static class demo.csproj", "{CE050DC9-50CA-47D6-AAA6-D2D56894C778}"
EndProject
Project("{FAE04EC0-301F-11D3-BF4B-00C04F79EFBC}") = "Methods demo", "Methods demo\Methods demo.csproj", "{6764B139-E421-4C5C-8644-78BAB9742F16}"
EndProject
Project("{FAE04EC0-301F-11D3-BF4B-00C04F79EFBC}") = "One dim array demo", "One dim array demo\One dim array demo.csproj", "{13A5DF59-38DE-42D4-80F4-9EEBFD3826A8}"
EndProject
Project("{FAE04EC0-301F-11D3-BF4B-00C04F79EFBC}") = "Value types vs Ref types", "Value types vs Ref types\Value types vs Ref types.csproj", "{B3C7275A-7684-4FD3-9F5D-60308A00A135}"
EndProject
Project("{FAE04EC0-301F-11D3-BF4B-00C04F79EFBC}") = "switch expression", "switch expression\switch expression.csproj", "{EBA7B2E9-0206-4D2C-92EA-B535191FEBB4}"
EndProject
Project("{FAE04EC0-301F-11D3-BF4B-00C04F79EFBC}") = "Operator overloading", "Operator overloading\Operator overloading.csproj", "{8E48800A-AA27-4BA8-A2E2-322983C4A174}"
EndProject
Project("{FAE04EC0-301F-11D3-BF4B-00C04F79EFBC}") = "indexator 2-dim", "indexator 2-dim\indexator 2-dim.csproj", "{81D3993F-9E0D-427B-A32C-13C387BCA3DF}"
EndProject
Project("{2150E333-8FDC-42A3-9474-1A3956D46DE8}") = "05-Oper overload", "05-Oper overload", "{55260B01-3FEA-4F56-9DF0-9FB97DCD35B1}"
EndProject
Project("{FAE04EC0-301F-11D3-BF4B-00C04F79EFBC}") = "Inheritance demo", "Inheritance demo\Inheritance demo.csproj", "{013CB3D2-88C2-4966-A528-4449B1330BE6}"
EndProject
Project("{FAE04EC0-301F-11D3-BF4B-00C04F79EFBC}") = "Abstract class demo", "Abstract class demo\Abstract class demo.csproj", "{B6FDBA8B-59AA-4116-88E4-95932EC15B99}"
EndProject
Project("{FAE04EC0-301F-11D3-BF4B-00C04F79EFBC}") = "Extension methods", "Extension methods\Extension methods.csproj", "{F666C48A-F237-4664-A1BD-EDC846C58067}"
EndProject
Project("{FAE04EC0-301F-11D3-BF4B-00C04F79EFBC}") = "Try use Vehicle-Car (Inheritance)", "Try use Vehicle-Car (Inheritance)\Try use Vehicle-Car (Inheritance).csproj", "{F329AF39-6228-4ABF-9DDB-88F37464770B}"
EndProject
Project("{2150E333-8FDC-42A3-9474-1A3956D46DE8}") = "06-Inheritance", "06-Inheritance", "{E00087DC-98A4-4585-AB3C-35EAF2495006}"
EndProject
Global
	GlobalSection(SolutionConfigurationPlatforms) = preSolution
		Debug|Any CPU = Debug|Any CPU
		Release|Any CPU = Release|Any CPU
	EndGlobalSection
	GlobalSection(ProjectConfigurationPlatforms) = postSolution
		{78981587-DC13-4876-840E-3CD17B8274B3}.Debug|Any CPU.ActiveCfg = Debug|Any CPU
		{78981587-DC13-4876-840E-3CD17B8274B3}.Debug|Any CPU.Build.0 = Debug|Any CPU
		{78981587-DC13-4876-840E-3CD17B8274B3}.Release|Any CPU.ActiveCfg = Release|Any CPU
		{78981587-DC13-4876-840E-3CD17B8274B3}.Release|Any CPU.Build.0 = Release|Any CPU
		{C0D3F918-D148-4D8B-B4F4-DACDCEB85556}.Debug|Any CPU.ActiveCfg = Debug|Any CPU
		{C0D3F918-D148-4D8B-B4F4-DACDCEB85556}.Debug|Any CPU.Build.0 = Debug|Any CPU
		{C0D3F918-D148-4D8B-B4F4-DACDCEB85556}.Release|Any CPU.ActiveCfg = Release|Any CPU
		{C0D3F918-D148-4D8B-B4F4-DACDCEB85556}.Release|Any CPU.Build.0 = Release|Any CPU
		{6E10B00C-7C7C-4B28-9E7F-D98D0936A450}.Debug|Any CPU.ActiveCfg = Debug|Any CPU
		{6E10B00C-7C7C-4B28-9E7F-D98D0936A450}.Debug|Any CPU.Build.0 = Debug|Any CPU
		{6E10B00C-7C7C-4B28-9E7F-D98D0936A450}.Release|Any CPU.ActiveCfg = Release|Any CPU
		{6E10B00C-7C7C-4B28-9E7F-D98D0936A450}.Release|Any CPU.Build.0 = Release|Any CPU
		{3F35D39F-A46A-41B3-8C96-0FDD852A4C10}.Debug|Any CPU.ActiveCfg = Debug|Any CPU
		{3F35D39F-A46A-41B3-8C96-0FDD852A4C10}.Debug|Any CPU.Build.0 = Debug|Any CPU
		{3F35D39F-A46A-41B3-8C96-0FDD852A4C10}.Release|Any CPU.ActiveCfg = Release|Any CPU
		{3F35D39F-A46A-41B3-8C96-0FDD852A4C10}.Release|Any CPU.Build.0 = Release|Any CPU
		{88C07261-141E-4563-8475-A0BE99024CB6}.Debug|Any CPU.ActiveCfg = Debug|Any CPU
		{88C07261-141E-4563-8475-A0BE99024CB6}.Debug|Any CPU.Build.0 = Debug|Any CPU
		{88C07261-141E-4563-8475-A0BE99024CB6}.Release|Any CPU.ActiveCfg = Release|Any CPU
		{88C07261-141E-4563-8475-A0BE99024CB6}.Release|Any CPU.Build.0 = Release|Any CPU
		{2E7ECEAE-6D5C-44D7-BBC5-4370AF87FE7F}.Debug|Any CPU.ActiveCfg = Debug|Any CPU
		{2E7ECEAE-6D5C-44D7-BBC5-4370AF87FE7F}.Debug|Any CPU.Build.0 = Debug|Any CPU
		{2E7ECEAE-6D5C-44D7-BBC5-4370AF87FE7F}.Release|Any CPU.ActiveCfg = Release|Any CPU
		{2E7ECEAE-6D5C-44D7-BBC5-4370AF87FE7F}.Release|Any CPU.Build.0 = Release|Any CPU
		{9400FB91-BAF4-4B6A-AE5E-1D5DFEF2721D}.Debug|Any CPU.ActiveCfg = Debug|Any CPU
		{9400FB91-BAF4-4B6A-AE5E-1D5DFEF2721D}.Debug|Any CPU.Build.0 = Debug|Any CPU
		{9400FB91-BAF4-4B6A-AE5E-1D5DFEF2721D}.Release|Any CPU.ActiveCfg = Release|Any CPU
		{9400FB91-BAF4-4B6A-AE5E-1D5DFEF2721D}.Release|Any CPU.Build.0 = Release|Any CPU
		{6178E3EE-81FC-49B9-8E02-413316587C75}.Debug|Any CPU.ActiveCfg = Debug|Any CPU
		{6178E3EE-81FC-49B9-8E02-413316587C75}.Debug|Any CPU.Build.0 = Debug|Any CPU
		{6178E3EE-81FC-49B9-8E02-413316587C75}.Release|Any CPU.ActiveCfg = Release|Any CPU
		{6178E3EE-81FC-49B9-8E02-413316587C75}.Release|Any CPU.Build.0 = Release|Any CPU
		{C23E4A43-A0E5-444E-956E-945071EC373F}.Debug|Any CPU.ActiveCfg = Debug|Any CPU
		{C23E4A43-A0E5-444E-956E-945071EC373F}.Debug|Any CPU.Build.0 = Debug|Any CPU
		{C23E4A43-A0E5-444E-956E-945071EC373F}.Release|Any CPU.ActiveCfg = Release|Any CPU
		{C23E4A43-A0E5-444E-956E-945071EC373F}.Release|Any CPU.Build.0 = Release|Any CPU
		{7A35CB01-D5D1-4194-8E61-1CCA49FF3173}.Debug|Any CPU.ActiveCfg = Debug|Any CPU
		{7A35CB01-D5D1-4194-8E61-1CCA49FF3173}.Debug|Any CPU.Build.0 = Debug|Any CPU
		{7A35CB01-D5D1-4194-8E61-1CCA49FF3173}.Release|Any CPU.ActiveCfg = Release|Any CPU
		{7A35CB01-D5D1-4194-8E61-1CCA49FF3173}.Release|Any CPU.Build.0 = Release|Any CPU
		{3DF42F64-9823-4B9A-9AAE-6E59477636F3}.Debug|Any CPU.ActiveCfg = Debug|Any CPU
		{3DF42F64-9823-4B9A-9AAE-6E59477636F3}.Debug|Any CPU.Build.0 = Debug|Any CPU
		{3DF42F64-9823-4B9A-9AAE-6E59477636F3}.Release|Any CPU.ActiveCfg = Release|Any CPU
		{3DF42F64-9823-4B9A-9AAE-6E59477636F3}.Release|Any CPU.Build.0 = Release|Any CPU
		{36A1586E-A9DD-4C49-8D28-5501EF05BB71}.Debug|Any CPU.ActiveCfg = Debug|Any CPU
		{36A1586E-A9DD-4C49-8D28-5501EF05BB71}.Debug|Any CPU.Build.0 = Debug|Any CPU
		{36A1586E-A9DD-4C49-8D28-5501EF05BB71}.Release|Any CPU.ActiveCfg = Release|Any CPU
		{36A1586E-A9DD-4C49-8D28-5501EF05BB71}.Release|Any CPU.Build.0 = Release|Any CPU
		{C9EACACC-A51F-426E-B8F5-978D90A47003}.Debug|Any CPU.ActiveCfg = Debug|Any CPU
		{C9EACACC-A51F-426E-B8F5-978D90A47003}.Debug|Any CPU.Build.0 = Debug|Any CPU
		{C9EACACC-A51F-426E-B8F5-978D90A47003}.Release|Any CPU.ActiveCfg = Release|Any CPU
		{C9EACACC-A51F-426E-B8F5-978D90A47003}.Release|Any CPU.Build.0 = Release|Any CPU
		{A7C9CE7E-F4AE-4124-9634-EAD049D70D00}.Debug|Any CPU.ActiveCfg = Debug|Any CPU
		{A7C9CE7E-F4AE-4124-9634-EAD049D70D00}.Debug|Any CPU.Build.0 = Debug|Any CPU
		{A7C9CE7E-F4AE-4124-9634-EAD049D70D00}.Release|Any CPU.ActiveCfg = Release|Any CPU
		{A7C9CE7E-F4AE-4124-9634-EAD049D70D00}.Release|Any CPU.Build.0 = Release|Any CPU
		{2B55DED8-847A-4F8C-BAF3-9A4D3ADA43D8}.Debug|Any CPU.ActiveCfg = Debug|Any CPU
		{2B55DED8-847A-4F8C-BAF3-9A4D3ADA43D8}.Debug|Any CPU.Build.0 = Debug|Any CPU
		{2B55DED8-847A-4F8C-BAF3-9A4D3ADA43D8}.Release|Any CPU.ActiveCfg = Release|Any CPU
		{2B55DED8-847A-4F8C-BAF3-9A4D3ADA43D8}.Release|Any CPU.Build.0 = Release|Any CPU
		{C1C85997-6D7D-4CA5-BB84-899CBC722C32}.Debug|Any CPU.ActiveCfg = Debug|Any CPU
		{C1C85997-6D7D-4CA5-BB84-899CBC722C32}.Debug|Any CPU.Build.0 = Debug|Any CPU
		{C1C85997-6D7D-4CA5-BB84-899CBC722C32}.Release|Any CPU.ActiveCfg = Release|Any CPU
		{C1C85997-6D7D-4CA5-BB84-899CBC722C32}.Release|Any CPU.Build.0 = Release|Any CPU
		{822CD0C3-E684-47FF-B778-070F9B2DF3EB}.Debug|Any CPU.ActiveCfg = Debug|Any CPU
		{822CD0C3-E684-47FF-B778-070F9B2DF3EB}.Debug|Any CPU.Build.0 = Debug|Any CPU
		{822CD0C3-E684-47FF-B778-070F9B2DF3EB}.Release|Any CPU.ActiveCfg = Release|Any CPU
		{822CD0C3-E684-47FF-B778-070F9B2DF3EB}.Release|Any CPU.Build.0 = Release|Any CPU
		{B27931ED-AFB5-49F5-8371-6DEA83FEAD1F}.Debug|Any CPU.ActiveCfg = Debug|Any CPU
		{B27931ED-AFB5-49F5-8371-6DEA83FEAD1F}.Debug|Any CPU.Build.0 = Debug|Any CPU
		{B27931ED-AFB5-49F5-8371-6DEA83FEAD1F}.Release|Any CPU.ActiveCfg = Release|Any CPU
		{B27931ED-AFB5-49F5-8371-6DEA83FEAD1F}.Release|Any CPU.Build.0 = Release|Any CPU
		{F8BBB79B-1186-410F-9A60-0D7589BB186C}.Debug|Any CPU.ActiveCfg = Debug|Any CPU
		{F8BBB79B-1186-410F-9A60-0D7589BB186C}.Debug|Any CPU.Build.0 = Debug|Any CPU
		{F8BBB79B-1186-410F-9A60-0D7589BB186C}.Release|Any CPU.ActiveCfg = Release|Any CPU
		{F8BBB79B-1186-410F-9A60-0D7589BB186C}.Release|Any CPU.Build.0 = Release|Any CPU
		{CE050DC9-50CA-47D6-AAA6-D2D56894C778}.Debug|Any CPU.ActiveCfg = Debug|Any CPU
		{CE050DC9-50CA-47D6-AAA6-D2D56894C778}.Debug|Any CPU.Build.0 = Debug|Any CPU
		{CE050DC9-50CA-47D6-AAA6-D2D56894C778}.Release|Any CPU.ActiveCfg = Release|Any CPU
		{CE050DC9-50CA-47D6-AAA6-D2D56894C778}.Release|Any CPU.Build.0 = Release|Any CPU
		{6764B139-E421-4C5C-8644-78BAB9742F16}.Debug|Any CPU.ActiveCfg = Debug|Any CPU
		{6764B139-E421-4C5C-8644-78BAB9742F16}.Debug|Any CPU.Build.0 = Debug|Any CPU
		{6764B139-E421-4C5C-8644-78BAB9742F16}.Release|Any CPU.ActiveCfg = Release|Any CPU
		{6764B139-E421-4C5C-8644-78BAB9742F16}.Release|Any CPU.Build.0 = Release|Any CPU
		{13A5DF59-38DE-42D4-80F4-9EEBFD3826A8}.Debug|Any CPU.ActiveCfg = Debug|Any CPU
		{13A5DF59-38DE-42D4-80F4-9EEBFD3826A8}.Debug|Any CPU.Build.0 = Debug|Any CPU
		{13A5DF59-38DE-42D4-80F4-9EEBFD3826A8}.Release|Any CPU.ActiveCfg = Release|Any CPU
		{13A5DF59-38DE-42D4-80F4-9EEBFD3826A8}.Release|Any CPU.Build.0 = Release|Any CPU
		{B3C7275A-7684-4FD3-9F5D-60308A00A135}.Debug|Any CPU.ActiveCfg = Debug|Any CPU
		{B3C7275A-7684-4FD3-9F5D-60308A00A135}.Debug|Any CPU.Build.0 = Debug|Any CPU
		{B3C7275A-7684-4FD3-9F5D-60308A00A135}.Release|Any CPU.ActiveCfg = Release|Any CPU
		{B3C7275A-7684-4FD3-9F5D-60308A00A135}.Release|Any CPU.Build.0 = Release|Any CPU
		{EBA7B2E9-0206-4D2C-92EA-B535191FEBB4}.Debug|Any CPU.ActiveCfg = Debug|Any CPU
		{EBA7B2E9-0206-4D2C-92EA-B535191FEBB4}.Debug|Any CPU.Build.0 = Debug|Any CPU
		{EBA7B2E9-0206-4D2C-92EA-B535191FEBB4}.Release|Any CPU.ActiveCfg = Release|Any CPU
		{EBA7B2E9-0206-4D2C-92EA-B535191FEBB4}.Release|Any CPU.Build.0 = Release|Any CPU
		{8E48800A-AA27-4BA8-A2E2-322983C4A174}.Debug|Any CPU.ActiveCfg = Debug|Any CPU
		{8E48800A-AA27-4BA8-A2E2-322983C4A174}.Debug|Any CPU.Build.0 = Debug|Any CPU
		{8E48800A-AA27-4BA8-A2E2-322983C4A174}.Release|Any CPU.ActiveCfg = Release|Any CPU
		{8E48800A-AA27-4BA8-A2E2-322983C4A174}.Release|Any CPU.Build.0 = Release|Any CPU
		{81D3993F-9E0D-427B-A32C-13C387BCA3DF}.Debug|Any CPU.ActiveCfg = Debug|Any CPU
		{81D3993F-9E0D-427B-A32C-13C387BCA3DF}.Debug|Any CPU.Build.0 = Debug|Any CPU
		{81D3993F-9E0D-427B-A32C-13C387BCA3DF}.Release|Any CPU.ActiveCfg = Release|Any CPU
		{81D3993F-9E0D-427B-A32C-13C387BCA3DF}.Release|Any CPU.Build.0 = Release|Any CPU
		{013CB3D2-88C2-4966-A528-4449B1330BE6}.Debug|Any CPU.ActiveCfg = Debug|Any CPU
		{013CB3D2-88C2-4966-A528-4449B1330BE6}.Debug|Any CPU.Build.0 = Debug|Any CPU
		{013CB3D2-88C2-4966-A528-4449B1330BE6}.Release|Any CPU.ActiveCfg = Release|Any CPU
		{013CB3D2-88C2-4966-A528-4449B1330BE6}.Release|Any CPU.Build.0 = Release|Any CPU
		{B6FDBA8B-59AA-4116-88E4-95932EC15B99}.Debug|Any CPU.ActiveCfg = Debug|Any CPU
		{B6FDBA8B-59AA-4116-88E4-95932EC15B99}.Debug|Any CPU.Build.0 = Debug|Any CPU
		{B6FDBA8B-59AA-4116-88E4-95932EC15B99}.Release|Any CPU.ActiveCfg = Release|Any CPU
		{B6FDBA8B-59AA-4116-88E4-95932EC15B99}.Release|Any CPU.Build.0 = Release|Any CPU
		{F666C48A-F237-4664-A1BD-EDC846C58067}.Debug|Any CPU.ActiveCfg = Debug|Any CPU
		{F666C48A-F237-4664-A1BD-EDC846C58067}.Debug|Any CPU.Build.0 = Debug|Any CPU
		{F666C48A-F237-4664-A1BD-EDC846C58067}.Release|Any CPU.ActiveCfg = Release|Any CPU
		{F666C48A-F237-4664-A1BD-EDC846C58067}.Release|Any CPU.Build.0 = Release|Any CPU
		{F329AF39-6228-4ABF-9DDB-88F37464770B}.Debug|Any CPU.ActiveCfg = Debug|Any CPU
		{F329AF39-6228-4ABF-9DDB-88F37464770B}.Debug|Any CPU.Build.0 = Debug|Any CPU
		{F329AF39-6228-4ABF-9DDB-88F37464770B}.Release|Any CPU.ActiveCfg = Release|Any CPU
		{F329AF39-6228-4ABF-9DDB-88F37464770B}.Release|Any CPU.Build.0 = Release|Any CPU
	EndGlobalSection
	GlobalSection(SolutionProperties) = preSolution
		HideSolutionNode = FALSE
	EndGlobalSection
	GlobalSection(NestedProjects) = preSolution
		{78981587-DC13-4876-840E-3CD17B8274B3} = {02EA681E-C7D8-13C7-8484-4AC65E1B71E8}
		{C0D3F918-D148-4D8B-B4F4-DACDCEB85556} = {02EA681E-C7D8-13C7-8484-4AC65E1B71E8}
		{6E10B00C-7C7C-4B28-9E7F-D98D0936A450} = {02EA681E-C7D8-13C7-8484-4AC65E1B71E8}
		{3F35D39F-A46A-41B3-8C96-0FDD852A4C10} = {02EA681E-C7D8-13C7-8484-4AC65E1B71E8}
		{88C07261-141E-4563-8475-A0BE99024CB6} = {02EA681E-C7D8-13C7-8484-4AC65E1B71E8}
		{2E7ECEAE-6D5C-44D7-BBC5-4370AF87FE7F} = {02EA681E-C7D8-13C7-8484-4AC65E1B71E8}
		{9400FB91-BAF4-4B6A-AE5E-1D5DFEF2721D} = {A0C8C7F7-30AB-4BA6-B5A7-B051B2973319}
		{6178E3EE-81FC-49B9-8E02-413316587C75} = {39052441-DA54-453F-A957-820B0D927F70}
		{C23E4A43-A0E5-444E-956E-945071EC373F} = {39052441-DA54-453F-A957-820B0D927F70}
		{7A35CB01-D5D1-4194-8E61-1CCA49FF3173} = {39052441-DA54-453F-A957-820B0D927F70}
		{3DF42F64-9823-4B9A-9AAE-6E59477636F3} = {A0C8C7F7-30AB-4BA6-B5A7-B051B2973319}
		{36A1586E-A9DD-4C49-8D28-5501EF05BB71} = {39052441-DA54-453F-A957-820B0D927F70}
		{C9EACACC-A51F-426E-B8F5-978D90A47003} = {43EB8A9A-1B43-4FE4-AD85-DF499A0258DE}
		{A7C9CE7E-F4AE-4124-9634-EAD049D70D00} = {A0C8C7F7-30AB-4BA6-B5A7-B051B2973319}
		{2B55DED8-847A-4F8C-BAF3-9A4D3ADA43D8} = {43EB8A9A-1B43-4FE4-AD85-DF499A0258DE}
		{C1C85997-6D7D-4CA5-BB84-899CBC722C32} = {43EB8A9A-1B43-4FE4-AD85-DF499A0258DE}
		{822CD0C3-E684-47FF-B778-070F9B2DF3EB} = {43EB8A9A-1B43-4FE4-AD85-DF499A0258DE}
		{B27931ED-AFB5-49F5-8371-6DEA83FEAD1F} = {43EB8A9A-1B43-4FE4-AD85-DF499A0258DE}
		{F8BBB79B-1186-410F-9A60-0D7589BB186C} = {43EB8A9A-1B43-4FE4-AD85-DF499A0258DE}
		{CE050DC9-50CA-47D6-AAA6-D2D56894C778} = {A0C8C7F7-30AB-4BA6-B5A7-B051B2973319}
		{6764B139-E421-4C5C-8644-78BAB9742F16} = {02EA681E-C7D8-13C7-8484-4AC65E1B71E8}
		{13A5DF59-38DE-42D4-80F4-9EEBFD3826A8} = {02EA681E-C7D8-13C7-8484-4AC65E1B71E8}
		{B3C7275A-7684-4FD3-9F5D-60308A00A135} = {02EA681E-C7D8-13C7-8484-4AC65E1B71E8}
		{EBA7B2E9-0206-4D2C-92EA-B535191FEBB4} = {02EA681E-C7D8-13C7-8484-4AC65E1B71E8}
		{8E48800A-AA27-4BA8-A2E2-322983C4A174} = {55260B01-3FEA-4F56-9DF0-9FB97DCD35B1}
		{81D3993F-9E0D-427B-A32C-13C387BCA3DF} = {55260B01-3FEA-4F56-9DF0-9FB97DCD35B1}
		{013CB3D2-88C2-4966-A528-4449B1330BE6} = {E00087DC-98A4-4585-AB3C-35EAF2495006}
		{F666C48A-F237-4664-A1BD-EDC846C58067} = {E00087DC-98A4-4585-AB3C-35EAF2495006}
		{F329AF39-6228-4ABF-9DDB-88F37464770B} = {E00087DC-98A4-4585-AB3C-35EAF2495006}
	EndGlobalSection
	GlobalSection(ExtensibilityGlobals) = postSolution
		SolutionGuid = {1435751D-E8AB-4A42-AB36-FFB149A03197}
	EndGlobalSection
EndGlobal
